# @generated - this file is auto-generated by `mise lock` https://mise.en.dev/dev-tools/mise-lock.html

[[tools."github:microsoft/apm"]]
version = "0.26.0"
backend = "github:microsoft/apm"

[tools."github:microsoft/apm"."platforms.linux-arm64"]
checksum = "sha256:c4d6b5ab6d9bdca3c3c324db7ce8d1c4faf7b317f45a55a50ae2571eaa506d25"
url = "https://github.com/microsoft/apm/releases/download/v0.26.0/apm-linux-arm64.tar.gz"
url_api = "https://api.github.com/repos/microsoft/apm/releases/assets/481831784"

[tools."github:microsoft/apm"."platforms.linux-arm64-musl"]
checksum = "sha256:c4d6b5ab6d9bdca3c3c324db7ce8d1c4faf7b317f45a55a50ae2571eaa506d25"
url = "https://github.com/microsoft/apm/releases/download/v0.26.0/apm-linux-arm64.tar.gz"
url_api = "https://api.github.com/repos/microsoft/apm/releases/assets/481831784"

[tools."github:microsoft/apm"."platforms.linux-x64"]
checksum = "sha256:3afba455c5283852ba4c392f668be7c27b65bc4a0fa60a8b53a4626c52628431"
url = "https://github.com/microsoft/apm/releases/download/v0.26.0/apm-linux-x86_64.tar.gz"
url_api = "https://api.github.com/repos/microsoft/apm/releases/assets/481831780"

[tools."github:microsoft/apm"."platforms.linux-x64-musl"]
checksum = "sha256:3afba455c5283852ba4c392f668be7c27b65bc4a0fa60a8b53a4626c52628431"
url = "https://github.com/microsoft/apm/releases/download/v0.26.0/apm-linux-x86_64.tar.gz"
url_api = "https://api.github.com/repos/microsoft/apm/releases/assets/481831780"

[tools."github:microsoft/apm"."platforms.macos-arm64"]
checksum = "sha256:febddd0a8beb4be7b411e708ed746937a14482d5e0935eb776b7f35e320654df"
url = "https://github.com/microsoft/apm/releases/download/v0.26.0/apm-darwin-arm64.tar.gz"
url_api = "https://api.github.com/repos/microsoft/apm/releases/assets/481831785"

[tools."github:microsoft/apm"."platforms.macos-x64"]
checksum = "sha256:6cc47251bbefabe36224bcc5370c1ef08405d4fd15900b42e11ba672ae29483f"
url = "https://github.com/microsoft/apm/releases/download/v0.26.0/apm-darwin-x86_64.tar.gz"
url_api = "https://api.github.com/repos/microsoft/apm/releases/assets/481831787"

[tools."github:microsoft/apm"."platforms.windows-x64"]
checksum = "sha256:1b74a90c7ee6373ab2926addd110c1dbc5934a9675e5f436cac4d04f46cce2f5"
url = "https://github.com/microsoft/apm/releases/download/v0.26.0/apm-windows-x86_64.zip"
url_api = "https://api.github.com/repos/microsoft/apm/releases/assets/481831786"
